
Microsoft Visual Studio Solution File, Format Version 12.00
# Visual Studio Version 17
VisualStudioVersion = 17.7.34202.233
MinimumVisualStudioVersion = 10.0.40219.1
Project("{FAE04EC0-301F-11D3-BF4B-00C04F79EFBC}") = "Practica5EDD2", "Practica5EDD2\Practica5EDD2.csproj", "{8AE0ADEB-CBB4-481A-A168-8535813F71FE}"
EndProject
Global
	GlobalSection(SolutionConfigurationPlatforms) = preSolution
		Debug|Any CPU = Debug|Any CPU
		Release|Any CPU = Release|Any CPU
	EndGlobalSection
	GlobalSection(ProjectConfigurationPlatforms) = postSolution
		{8AE0ADEB-CBB4-481A-A168-8535813F71FE}.Debug|Any CPU.ActiveCfg = Debug|Any CPU
		{8AE0ADEB-CBB4-481A-A168-8535813F71FE}.Debug|Any CPU.Build.0 = Debug|Any CPU
		{8AE0ADEB-CBB4-481A-A168-8535813F71FE}.Release|Any CPU.ActiveCfg = Release|Any CPU
		{8AE0ADEB-CBB4-481A-A168-8535813F71FE}.Release|Any CPU.Build.0 = Release|Any CPU
	EndGlobalSection
	GlobalSection(SolutionProperties) = preSolution
		HideSolutionNode = FALSE
	EndGlobalSection
	GlobalSection(ExtensibilityGlobals) = postSolution
		SolutionGuid = {702A1CC4-B19A-4FB0-9AB8-394A2ED23717}
	EndGlobalSection
EndGlobal
